
Microsoft Visual Studio Solution File, Format Version 12.00
# Visual Studio Version 17
VisualStudioVersion = 17.12.35728.132 d17.12
MinimumVisualStudioVersion = 10.0.40219.1
Project("{FAE04EC0-301F-11D3-BF4B-00C04F79EFBC}") = "ReportTask", "ReportTask\ReportTask.csproj", "{8BC5D493-BFAA-472C-93B4-17E27FD94FD2}"
EndProject
Project("{FAE04EC0-301F-11D3-BF4B-00C04F79EFBC}") = "Domain", "Domain\Domain.csproj", "{8B129EA7-9CB1-480A-9EAC-5F2012AA02DF}"
EndProject
Project("{FAE04EC0-301F-11D3-BF4B-00C04F79EFBC}") = "Application", "Application\Application.csproj", "{417F0C1C-7CAA-4AC3-B5BB-AB8D0F129CDD}"
EndProject
Project("{FAE04EC0-301F-11D3-BF4B-00C04F79EFBC}") = "Infrastructure", "Infrastructure\Infrastructure.csproj", "{47FA171F-B13D-4666-B871-D332296A8B04}"
EndProject
Global
	GlobalSection(SolutionConfigurationPlatforms) = preSolution
		Debug|Any CPU = Debug|Any CPU
		Release|Any CPU = Release|Any CPU
	EndGlobalSection
	GlobalSection(ProjectConfigurationPlatforms) = postSolution
		{8BC5D493-BFAA-472C-93B4-17E27FD94FD2}.Debug|Any CPU.ActiveCfg = Debug|Any CPU
		{8BC5D493-BFAA-472C-93B4-17E27FD94FD2}.Debug|Any CPU.Build.0 = Debug|Any CPU
		{8BC5D493-BFAA-472C-93B4-17E27FD94FD2}.Release|Any CPU.ActiveCfg = Release|Any CPU
		{8BC5D493-BFAA-472C-93B4-17E27FD94FD2}.Release|Any CPU.Build.0 = Release|Any CPU
		{8B129EA7-9CB1-480A-9EAC-5F2012AA02DF}.Debug|Any CPU.ActiveCfg = Debug|Any CPU
		{8B129EA7-9CB1-480A-9EAC-5F2012AA02DF}.Debug|Any CPU.Build.0 = Debug|Any CPU
		{8B129EA7-9CB1-480A-9EAC-5F2012AA02DF}.Release|Any CPU.ActiveCfg = Release|Any CPU
		{8B129EA7-9CB1-480A-9EAC-5F2012AA02DF}.Release|Any CPU.Build.0 = Release|Any CPU
		{417F0C1C-7CAA-4AC3-B5BB-AB8D0F129CDD}.Debug|Any CPU.ActiveCfg = Debug|Any CPU
		{417F0C1C-7CAA-4AC3-B5BB-AB8D0F129CDD}.Debug|Any CPU.Build.0 = Debug|Any CPU
		{417F0C1C-7CAA-4AC3-B5BB-AB8D0F129CDD}.Release|Any CPU.ActiveCfg = Release|Any CPU
		{417F0C1C-7CAA-4AC3-B5BB-AB8D0F129CDD}.Release|Any CPU.Build.0 = Release|Any CPU
		{47FA171F-B13D-4666-B871-D332296A8B04}.Debug|Any CPU.ActiveCfg = Debug|Any CPU
		{47FA171F-B13D-4666-B871-D332296A8B04}.Debug|Any CPU.Build.0 = Debug|Any CPU
		{47FA171F-B13D-4666-B871-D332296A8B04}.Release|Any CPU.ActiveCfg = Release|Any CPU
		{47FA171F-B13D-4666-B871-D332296A8B04}.Release|Any CPU.Build.0 = Release|Any CPU
	EndGlobalSection
	GlobalSection(SolutionProperties) = preSolution
		HideSolutionNode = FALSE
	EndGlobalSection
EndGlobal
